# THIS IS AN AUTOGENERATED FILE. DO NOT EDIT THIS FILE DIRECTLY.
# yarn lockfile v1


asap@~2.0.3:
  version "2.0.6"
  resolved "https://registry.yarnpkg.com/asap/-/asap-2.0.6.tgz#e50347611d7e690943208bbdafebcbc2fb866d46"
  integrity sha1-5QNHYR1+aQlDIIu9r+vLwvuGbUY=

clone@~2.1.0:
  version "2.1.2"
  resolved "https://registry.yarnpkg.com/clone/-/clone-2.1.2.tgz#1b7f4b9f591f1e8f83670401600345a02887435f"
  integrity sha1-G39Ln1kfHo+DZwQBYANFoCiHQ18=

core-js@^1.0.0:
  version "1.2.7"
  resolved "https://registry.yarnpkg.com/core-js/-/core-js-1.2.7.tgz#652294c14651db28fa93bd2d5ff2983a4f08c636"
  integrity sha1-ZSKUwUZR2yj6k70tX/KYOk8IxjY=

css-in-js-utils@^2.0.0:
  version "2.0.1"
  resolved "https://registry.yarnpkg.com/css-in-js-utils/-/css-in-js-utils-2.0.1.tgz#3b472b398787291b47cfe3e44fecfdd9e914ba99"
  integrity sha512-PJF0SpJT+WdbVVt0AOYp9C8GnuruRlL/UFW7932nLWmFLQTaWEzTBQEx7/hn4BuV+WON75iAViSUJLiU3PKbpA==
  dependencies:
    hyphenate-style-name "^1.0.2"
    isobject "^3.0.1"

css-in-js-utils@^3.0.0:
  version "3.0.0"
  resolved "https://registry.yarnpkg.com/css-in-js-utils/-/css-in-js-utils-3.0.0.tgz#4379185f5cc79f9eba39b4e795c317f253ffaa40"
  integrity sha512-FSdC7hZIeSmEPANOZB/VHHeaYh+MiNvqLRP7MWVck6MQs2B5KHH3XmMU9Asb/6BdwDp+JTt1q+cGgSBCuFU1GQ==
  dependencies:
    hyphenate-style-name "^1.0.2"

csslint@^1.0.5:
  version "1.0.5"
  resolved "https://registry.yarnpkg.com/csslint/-/csslint-1.0.5.tgz#19cc3eda322160fd3f7232af1cb2a360e898a2e9"
  integrity sha1-Gcw+2jIhYP0/cjKvHLKjYOiYouk=
  dependencies:
    clone "~2.1.0"
    parserlib "~1.1.1"

csstype@^3.0.5:
  version "3.0.10"
  resolved "https://registry.yarnpkg.com/csstype/-/csstype-3.0.10.tgz#2ad3a7bed70f35b965707c092e5f30b327c290e5"
  integrity sha512-2u44ZG2OcNUO9HDp/Jl8C07x6pU/eTR3ncV91SiK3dhG9TWvRVsCoJw14Ckx5DgWkzGA3waZWO3d7pgqpUI/XA==

encoding@^0.1.11:
  version "0.1.12"
  resolved "https://registry.yarnpkg.com/encoding/-/encoding-0.1.12.tgz#538b66f3ee62cd1ab51ec323829d1f9480c74beb"
  integrity sha1-U4tm8+5izRq1HsMjgp0flIDHS+s=
  dependencies:
    iconv-lite "~0.4.13"

fast-loops@^1.0.0, fast-loops@^1.0.1:
  version "1.0.1"
  resolved "https://registry.yarnpkg.com/fast-loops/-/fast-loops-1.0.1.tgz#a3d33e71654a7e6e67d7c2de0fee4ea11c6f2526"
  integrity sha512-1MA7cT6Q/o1JnhyNCcxuBqZHeIHf784ZjyjayZwwj7X7nRDkCS2qoj6vUh961yxEJP1aldrYrY7+DC/xOdv05A==

fbjs@^0.8.4:
  version "0.8.17"
  resolved "https://registry.yarnpkg.com/fbjs/-/fbjs-0.8.17.tgz#c4d598ead6949112653d6588b01a5cdcd9f90fdd"
  integrity sha1-xNWY6taUkRJlPWWIsBpc3Nn5D90=
  dependencies:
    core-js "^1.0.0"
    isomorphic-fetch "^2.1.1"
    loose-envify "^1.0.0"
    object-assign "^4.1.0"
    promise "^7.1.1"
    setimmediate "^1.0.5"
    ua-parser-js "^0.7.18"

fela-bindings@^11.7.0:
  version "11.7.0"
  resolved "https://registry.yarnpkg.com/fela-bindings/-/fela-bindings-11.7.0.tgz#dc7bb6c4e913a1f0e73bf9d04b8ad2c317194612"
  integrity sha512-Apnh7ji04CkEq/BsoRwujmsAZMkvb1tdFBEIJyKEQuNTU6taSA3mdAPLfgEHeZ0+krp7VDIoGgRrLYYS2WcjuA==
  dependencies:
    fast-loops "^1.0.0"
    fela-dom "^11.7.0"
    fela-tools "^11.7.0"
    react-addons-shallow-compare "^15.6.2"
    shallow-equal "^1.0.0"

fela-dom@^11.7.0:
  version "11.7.0"
  resolved "https://registry.yarnpkg.com/fela-dom/-/fela-dom-11.7.0.tgz#8706aaedf348af6e2d761d38c0f97d8d6607a99b"
  integrity sha512-mYboADGGQc/EihhyPOs8Xo2aJ0cOQI4q3+aWQ11KPzaCAT3TTVdXuTslT5QeXoE6cT6nS77GvvrRzXb3U/gY6Q==
  dependencies:
    css-in-js-utils "^3.0.0"
    fast-loops "^1.0.1"
    fela-utils "^11.7.0"
    sort-css-media-queries "^1.4.3"

fela-enforce-longhands@^11.6.1:
  version "11.7.0"
  resolved "https://registry.yarnpkg.com/fela-enforce-longhands/-/fela-enforce-longhands-11.7.0.tgz#8f3f87554e75bb8fd6d4de8832fadc85460493d3"
  integrity sha512-T87OBCkAsXE6DFnA19w9lggFhDqBpjSGpDYFCwm0YeessTebuhFdxbPO/yWq7JP0c0DDR3POM6f8gjlkaJbIQw==

fela-monolithic@^11.6.1:
  version "11.7.0"
  resolved "https://registry.yarnpkg.com/fela-monolithic/-/fela-monolithic-11.7.0.tgz#cbb5321297c71c50f9cd76d4a6f2068cf29e009c"
  integrity sha512-oiWhpU/xToeoToAxB/sUJx4fN9lXb5FlxPPj6KW6HDCvoiR9KcIKc+r2l4/OJybKvucc8vYla1ycJDTLWP/cwg==
  dependencies:
    css-in-js-utils "^3.0.0"
    fast-loops "^1.0.0"
    fela-utils "^11.7.0"
    isobject "^3.0.1"
    string-hash "^1.1.3"

fela-plugin-embedded@^11.7.0:
  version "11.7.0"
  resolved "https://registry.yarnpkg.com/fela-plugin-embedded/-/fela-plugin-embedded-11.7.0.tgz#f2fac401e470681211ab6850692313bbf5c5b063"
  integrity sha512-ooaVZQXjiFZ5OLaPvae0cHlKquUVnprdaLYWWRabk7EvNtA4fYIWnF8Y5FhKtPKyBxBXbjzFs1OD1ZTekPMMsw==
  dependencies:
    fast-loops "^1.0.0"
    isobject "^3.0.1"

fela-plugin-extend@^11.7.0:
  version "11.7.0"
  resolved "https://registry.yarnpkg.com/fela-plugin-extend/-/fela-plugin-extend-11.7.0.tgz#8fa7f5224b129665110c69ba049653d140c3a67b"
  integrity sha512-eVbrdGQKqCTLg3KdAnIjUgcaQXyv2H40AaY4ALeA+J35WC6fpnZRmpKwWlYRkyPM2cfmBewp+HwjcIC2pBscXQ==
  dependencies:
    css-in-js-utils "^3.0.0"
    fast-loops "^1.0.0"
    fela-utils "^11.7.0"
    isobject "^3.0.1"

fela-plugin-fallback-value@^11.7.0:
  version "11.7.0"
  resolved "https://registry.yarnpkg.com/fela-plugin-fallback-value/-/fela-plugin-fallback-value-11.7.0.tgz#c2aebb13ea930bbbc98672e8d5fea11fa88195b2"
  integrity sha512-2vOUZOA6bxZ/ezaWc16TafPfTOaTrsN7nkSPWkVCGtKqZuqbtEH/CRiEaeVOyU2Rf8ov4jI7XEK/fjR8SkZIuQ==
  dependencies:
    css-in-js-utils "^3.0.0"
    isobject "^3.0.1"

fela-plugin-named-keys@^11.6.1:
  version "11.7.0"
  resolved "https://registry.yarnpkg.com/fela-plugin-named-keys/-/fela-plugin-named-keys-11.7.0.tgz#cbc5b61a3763656267bf32b3a990e7e8d0447b53"
  integrity sha512-hcGO1ZFLpuJ8TU9Z/z/bQyoaClgONfHNsElmcVIq8TobDXpiJ+LQwvAoTwhjI8gMSXovuPW5NI+b4o3Wv28O9A==
  dependencies:
    css-in-js-utils "^3.0.0"
    isobject "^3.0.1"

fela-plugin-prefixer@^11.7.0:
  version "11.7.0"
  resolved "https://registry.yarnpkg.com/fela-plugin-prefixer/-/fela-plugin-prefixer-11.7.0.tgz#16463ad113c4eda6fd88b0dc86dd19fdef4db284"
  integrity sha512-bUbLf7uSqJXZJcCLeaxSej+vCOGgZHsLn92joJnc9gnuhkD//qzIPDChcmUzZLiBAVYM7iTiDSQUsr86JvnSPA==
  dependencies:
    css-in-js-utils "^3.0.0"
    fast-loops "^1.0.0"
    fela-plugin-fallback-value "^11.7.0"
    inline-style-prefixer "^5.1.0"
    isobject "^3.0.1"
    stylis "^4.0.6"

fela-plugin-unit@^11.7.0:
  version "11.7.0"
  resolved "https://registry.yarnpkg.com/fela-plugin-unit/-/fela-plugin-unit-11.7.0.tgz#2fdbf1f4c7911aa830560464777a82d98245e167"
  integrity sha512-dHQiA2rroiMrNPVs+21516fp+pM7Xqu9HBRY/cM3czqBPlTaEsIy5VXowi3czaabSZk4XOzue+l6qyFeosc3KQ==
  dependencies:
    css-in-js-utils "^3.0.0"
    isobject "^3.0.1"

fela-plugin-validator@^11.6.1:
  version "11.7.0"
  resolved "https://registry.yarnpkg.com/fela-plugin-validator/-/fela-plugin-validator-11.7.0.tgz#b80dadf654ecdbf15cc1eb6585274c1e33e4c77a"
  integrity sha512-AUFWJkp1uzwiYgNvhypCIqlw7p8/+tpQiu3iAKeswfmDXL32S+RYiYLHhco+MYSyso/WJJk3RICUw5OcjhL/sw==
  dependencies:
    css-in-js-utils "^3.0.0"
    csslint "^1.0.5"
    fela-utils "^11.7.0"
    isobject "^3.0.1"

fela-preset-web@^11.6.1:
  version "11.7.0"
  resolved "https://registry.yarnpkg.com/fela-preset-web/-/fela-preset-web-11.7.0.tgz#e42e68ffdd9560a63844f4a399ddb915fbf8a0d3"
  integrity sha512-xDImEWsWbPk5OQ/Zn/B0tAS+psblGlQBkZtr8C8+Ofu9dDuElu/4YsIrHhljtdneMjR+v0p57cPeAzUhPHbmNg==
  dependencies:
    fela-plugin-embedded "^11.7.0"
    fela-plugin-extend "^11.7.0"
    fela-plugin-fallback-value "^11.7.0"
    fela-plugin-prefixer "^11.7.0"
    fela-plugin-unit "^11.7.0"

fela-sort-media-query-mobile-first@^11.6.1:
  version "11.7.0"
  resolved "https://registry.yarnpkg.com/fela-sort-media-query-mobile-first/-/fela-sort-media-query-mobile-first-11.7.0.tgz#d50a2c88e136f2f797db275baafe9aef0f80d25d"
  integrity sha512-RipiQyAV3MX89Ea0KCwVt/cgA9bzRUTt0QxyZUfZq7c5ltcCT9IWrQc1ObtJAkcq+bL6MhbB5VNUwXEA+LYVew==
  dependencies:
    sort-css-media-queries "^1.4.3"

fela-tools@^11.7.0:
  version "11.7.0"
  resolved "https://registry.yarnpkg.com/fela-tools/-/fela-tools-11.7.0.tgz#44f3311deff8a130e86aa1d2557f29b9c58ef7f5"
  integrity sha512-d1yPqw2XOelCk5gzGWiTxW3PPnOEC9HcU007xcHpemyXUFyo68jvJP/q/wz6GRoYG8DD6QgmkrMvwshTDzqDbA==
  dependencies:
    css-in-js-utils "^3.0.0"
    fast-loops "^1.0.0"
    fela "^11.7.0"
    fela-utils "^11.7.0"

fela-utils@^11.7.0:
  version "11.7.0"
  resolved "https://registry.yarnpkg.com/fela-utils/-/fela-utils-11.7.0.tgz#ad91df64320d005ae131a8ad72f9ce7454198428"
  integrity sha512-s/3QJtkCesH+2/yJDpedHVAvMgKy9hSt2++6l7Xjio5BixiUnvkwbqdCV/fcAb4E3reJLNzYeatgPdcw4HVXRQ==
  dependencies:
    css-in-js-utils "^3.0.0"
    fast-loops "^1.0.0"

fela@^11.6.1, fela@^11.7.0:
  version "11.7.0"
  resolved "https://registry.yarnpkg.com/fela/-/fela-11.7.0.tgz#b7aafa4023b39fdc5b58381cdb6be28152290b17"
  integrity sha512-hUn39q4lUa1KtN1S2baGKvJDWLLjKq7gDCUWJPXQQJa6STWeGwv20xldNLdx8iGx/t5DeHJ4gIBLuI5r++dBGg==
  dependencies:
    css-in-js-utils "^3.0.0"
    csstype "^3.0.5"
    fast-loops "^1.0.0"
    fela-utils "^11.7.0"
    isobject "^3.0.1"

hyphenate-style-name@^1.0.2:
  version "1.0.3"
  resolved "https://registry.yarnpkg.com/hyphenate-style-name/-/hyphenate-style-name-1.0.3.tgz#097bb7fa0b8f1a9cf0bd5c734cf95899981a9b48"
  integrity sha512-EcuixamT82oplpoJ2XU4pDtKGWQ7b00CD9f1ug9IaQ3p1bkHMiKCZ9ut9QDI6qsa6cpUuB+A/I+zLtdNK4n2DQ==

iconv-lite@~0.4.13:
  version "0.4.24"
  resolved "https://registry.yarnpkg.com/iconv-lite/-/iconv-lite-0.4.24.tgz#2022b4b25fbddc21d2f524974a474aafe733908b"
  integrity sha512-v3MXnZAcvnywkTUEZomIActle7RXXeedOR31wwl7VlyoXO4Qi9arvSenNQWne1TcRwhCL1HwLI21bEqdpj8/rA==
  dependencies:
    safer-buffer ">= 2.1.2 < 3"

inline-style-prefixer@^5.1.0:
  version "5.1.2"
  resolved "https://registry.yarnpkg.com/inline-style-prefixer/-/inline-style-prefixer-5.1.2.tgz#e5a5a3515e25600e016b71e39138971228486c33"
  integrity sha512-PYUF+94gDfhy+LsQxM0g3d6Hge4l1pAqOSOiZuHWzMvQEGsbRQ/ck2WioLqrY2ZkHyPgVUXxn+hrkF7D6QUGbA==
  dependencies:
    css-in-js-utils "^2.0.0"

is-stream@^1.0.1:
  version "1.1.0"
  resolved "https://registry.yarnpkg.com/is-stream/-/is-stream-1.1.0.tgz#12d4a3dd4e68e0b79ceb8dbc84173ae80d91ca44"
  integrity sha1-EtSj3U5o4Lec6428hBc66A2RykQ=

isobject@^3.0.1:
  version "3.0.1"
  resolved "https://registry.yarnpkg.com/isobject/-/isobject-3.0.1.tgz#4e431e92b11a9731636aa1f9c8d1ccbcfdab78df"
  integrity sha1-TkMekrEalzFjaqH5yNHMvP2reN8=

isomorphic-fetch@^2.1.1:
  version "2.2.1"
  resolved "https://registry.yarnpkg.com/isomorphic-fetch/-/isomorphic-fetch-2.2.1.tgz#611ae1acf14f5e81f729507472819fe9733558a9"
  integrity sha1-YRrhrPFPXoH3KVB0coGf6XM1WKk=
  dependencies:
    node-fetch "^1.0.1"
    whatwg-fetch ">=0.10.0"

"js-tokens@^3.0.0 || ^4.0.0":
  version "4.0.0"
  resolved "https://registry.yarnpkg.com/js-tokens/-/js-tokens-4.0.0.tgz#19203fb59991df98e3a287050d4647cdeaf32499"
  integrity sha512-RdJUflcE3cUzKiMqQgsCu06FPu9UdIJO0beYbPhHN4k6apgJtifcoCtT9bcxOpYBtpD2kCM6Sbzg4CausW/PKQ==

lodash@^4.17.21:
  version "4.17.21"
  resolved "https://registry.yarnpkg.com/lodash/-/lodash-4.17.21.tgz#679591c564c3bffaae8454cf0b3df370c3d6911c"
  integrity sha512-v2kDEe57lecTulaDIuNTPy3Ry4gLGJ6Z1O3vE1krgXZNrsQ+LFTGHVxVjcXPs17LhbZVGedAJv8XZ1tvj5FvSg==

loose-envify@^1.0.0, loose-envify@^1.1.0, loose-envify@^1.3.1:
  version "1.4.0"
  resolved "https://registry.yarnpkg.com/loose-envify/-/loose-envify-1.4.0.tgz#71ee51fa7be4caec1a63839f7e682d8132d30caf"
  integrity sha512-lyuxPGr/Wfhrlem2CL/UcnUc1zcqKAImBDzukY7Y5F/yQiNdko6+fRLevlw1HgMySw7f611UIY408EtxRSoK3Q==
  dependencies:
    js-tokens "^3.0.0 || ^4.0.0"

node-fetch@^1.0.1:
  version "1.7.3"
  resolved "https://registry.yarnpkg.com/node-fetch/-/node-fetch-1.7.3.tgz#980f6f72d85211a5347c6b2bc18c5b84c3eb47ef"
  integrity sha512-NhZ4CsKx7cYm2vSrBAr2PvFOe6sWDf0UYLRqA6svUYg7+/TSfVAu49jYC4BvQ4Sms9SZgdqGBgroqfDhJdTyKQ==
  dependencies:
    encoding "^0.1.11"
    is-stream "^1.0.1"

object-assign@^4.1.0, object-assign@^4.1.1:
  version "4.1.1"
  resolved "https://registry.yarnpkg.com/object-assign/-/object-assign-4.1.1.tgz#2109adc7965887cfc05cbbd442cac8bfbb360863"
  integrity sha1-IQmtx5ZYh8/AXLvUQsrIv7s2CGM=

parserlib@~1.1.1:
  version "1.1.1"
  resolved "https://registry.yarnpkg.com/parserlib/-/parserlib-1.1.1.tgz#a64cfa724062434fdfc351c9a4ec2d92b94c06f4"
  integrity sha1-pkz6ckBiQ0/fw1HJpOwtkrlMBvQ=

promise@^7.1.1:
  version "7.3.1"
  resolved "https://registry.yarnpkg.com/promise/-/promise-7.3.1.tgz#064b72602b18f90f29192b8b1bc418ffd1ebd3bf"
  integrity sha512-nolQXZ/4L+bP/UGlkfaIujX9BKxGwmQ9OT4mOt5yvy8iK1h3wqTEJCijzGANTCCl9nWjY41juyAn2K3Q1hLLTg==
  dependencies:
    asap "~2.0.3"

prop-types@^15.5.8:
  version "15.6.2"
  resolved "https://registry.yarnpkg.com/prop-types/-/prop-types-15.6.2.tgz#05d5ca77b4453e985d60fc7ff8c859094a497102"
  integrity sha512-3pboPvLiWD7dkI3qf3KbUe6hKFKa52w+AE0VCqECtf+QHAKgOL37tTaNCnuX1nAAQ4ZhyP+kYVKf8rLmJ/feDQ==
  dependencies:
    loose-envify "^1.3.1"
    object-assign "^4.1.1"

react-addons-shallow-compare@^15.6.2:
  version "15.6.2"
  resolved "https://registry.yarnpkg.com/react-addons-shallow-compare/-/react-addons-shallow-compare-15.6.2.tgz#198a00b91fc37623db64a28fd17b596ba362702f"
  integrity sha1-GYoAuR/DdiPbZKKP0XtZa6NicC8=
  dependencies:
    fbjs "^0.8.4"
    object-assign "^4.1.0"

react-fela@^11.6.1:
  version "11.7.0"
  resolved "https://registry.yarnpkg.com/react-fela/-/react-fela-11.7.0.tgz#5617ccad6435102e9722c3f3414e9756d4615b7a"
  integrity sha512-c6sTQ2AFX8WT8Epd6icTxulC6Z/pzqIlEiywTvy5e5VJw8uKxJLs997I3v71nJ9XXs4B5HPxWayflhycaCJiaQ==
  dependencies:
    fela-bindings "^11.7.0"
    fela-dom "^11.7.0"
    prop-types "^15.5.8"

react@^17.0.2:
  version "17.0.2"
  resolved "https://registry.yarnpkg.com/react/-/react-17.0.2.tgz#d0b5cc516d29eb3eee383f75b62864cfb6800037"
  integrity sha512-gnhPt75i/dq/z3/6q/0asP78D0u592D5L1pd7M8P+dck6Fu/jJeL6iVVK23fptSUZj8Vjf++7wXA8UNclGQcbA==
  dependencies:
    loose-envify "^1.1.0"
    object-assign "^4.1.1"

"safer-buffer@>= 2.1.2 < 3":
  version "2.1.2"
  resolved "https://registry.yarnpkg.com/safer-buffer/-/safer-buffer-2.1.2.tgz#44fa161b0187b9549dd84bb91802f9bd8385cd6a"
  integrity sha512-YZo3K82SD7Riyi0E1EQPojLz7kpepnSQI9IyPbHHg1XXXevb5dJI7tpyN2ADxGcQbHG7vcyRHk0cbwqcQriUtg==

setimmediate@^1.0.5:
  version "1.0.5"
  resolved "https://registry.yarnpkg.com/setimmediate/-/setimmediate-1.0.5.tgz#290cbb232e306942d7d7ea9b83732ab7856f8285"
  integrity sha1-KQy7Iy4waULX1+qbg3Mqt4VvgoU=

shallow-equal@^1.0.0:
  version "1.0.0"
  resolved "https://registry.yarnpkg.com/shallow-equal/-/shallow-equal-1.0.0.tgz#508d1838b3de590ab8757b011b25e430900945f7"
  integrity sha1-UI0YOLPeWQq4dXsBGyXkMJAJRfc=

sort-css-media-queries@^1.4.3:
  version "1.5.4"
  resolved "https://registry.yarnpkg.com/sort-css-media-queries/-/sort-css-media-queries-1.5.4.tgz#24182b12002a13d01ba943ddf74f5098d7c244ce"
  integrity sha512-YP5W/h4Sid/YP7Lp87ejJ5jP13/Mtqt2vx33XyhO+IAugKlufRPbOrPlIiEUuxmpNBSBd3EeeQpFhdu3RfI2Ag==

string-hash@^1.1.3:
  version "1.1.3"
  resolved "https://registry.yarnpkg.com/string-hash/-/string-hash-1.1.3.tgz#e8aafc0ac1855b4666929ed7dd1275df5d6c811b"
  integrity sha1-6Kr8CsGFW0Zmkp7X3RJ1311sgRs=

stylis@^4.0.6:
  version "4.0.13"
  resolved "https://registry.yarnpkg.com/stylis/-/stylis-4.0.13.tgz#f5db332e376d13cc84ecfe5dace9a2a51d954c91"
  integrity sha512-xGPXiFVl4YED9Jh7Euv2V220mriG9u4B2TA6Ybjc1catrstKD2PpIdU3U0RKpkVBC2EhmL/F0sPCr9vrFTNRag==

ua-parser-js@^0.7.18:
  version "0.7.31"
  resolved "https://registry.yarnpkg.com/ua-parser-js/-/ua-parser-js-0.7.31.tgz#649a656b191dffab4f21d5e053e27ca17cbff5c6"
  integrity sha512-qLK/Xe9E2uzmYI3qLeOmI0tEOt+TBBQyUIAh4aAgU05FVYzeZrKUdkAZfBNVGRaHVgV0TDkdEngJSw/SyQchkQ==

whatwg-fetch@>=0.10.0:
  version "3.0.0"
  resolved "https://registry.yarnpkg.com/whatwg-fetch/-/whatwg-fetch-3.0.0.tgz#fc804e458cc460009b1a2b966bc8817d2578aefb"
  integrity sha512-9GSJUgz1D4MfyKU7KRqwOjXCXTqWdFNvEr7eUBYchQiVc744mqK/MzXPNR2WsPkmkOa4ywfg8C2n8h+13Bey1Q==
